
Microsoft Visual Studio Solution File, Format Version 12.00
# Visual Studio Version 17
VisualStudioVersion = 17.11.35312.102
MinimumVisualStudioVersion = 10.0.40219.1
Project("{888888A0-9F3D-457C-B088-3A5042F75D52}") = "AI_Cat_Dog", "AI_Cat_Dog\AI_Cat_Dog.pyproj", "{E7F8B7A9-989F-45D6-8984-D6CC03D7D515}"
EndProject
Global
	GlobalSection(SolutionConfigurationPlatforms) = preSolution
		Debug|Any CPU = Debug|Any CPU
		Release|Any CPU = Release|Any CPU
	EndGlobalSection
	GlobalSection(ProjectConfigurationPlatforms) = postSolution
		{E7F8B7A9-989F-45D6-8984-D6CC03D7D515}.Debug|Any CPU.ActiveCfg = Debug|Any CPU
		{E7F8B7A9-989F-45D6-8984-D6CC03D7D515}.Release|Any CPU.ActiveCfg = Release|Any CPU
	EndGlobalSection
	GlobalSection(SolutionProperties) = preSolution
		HideSolutionNode = FALSE
	EndGlobalSection
	GlobalSection(ExtensibilityGlobals) = postSolution
		SolutionGuid = {0E7B1D49-BC9B-4889-AC06-70BAB4B1FF86}
	EndGlobalSection
EndGlobal
